github.com/JoshPattman/jpf v0.8.2 h1:XD3K+COoIHAudeM6IDiGQEEA5ry0e1fQ66V2UxaGH9Y=
github.com/JoshPattman/jpf v0.8.2/go.mod h1:32CyGHe2NWFJavMX4G/ur/4lhB+ECntESppnvamwEW0=
github.com/mitchellh/mapstructure v1.5.0 h1:jeMsZIYE/09sWLaz43PL7Gy6RuMjD2eJVyuac5Z2hdY=
github.com/mitchellh/mapstructure v1.5.0/go.mod h1:bFUtVrKA4DC2yAKiSyO/QUcy7e+RRV2QTWOzhPopBRo=
